
Microsoft Visual Studio Solution File, Format Version 12.00
# Visual Studio Version 17
VisualStudioVersion = 17.9.34723.18
MinimumVisualStudioVersion = 10.0.40219.1
Project("{FAE04EC0-301F-11D3-BF4B-00C04F79EFBC}") = "P2-A Mazing Problem", "P2-A Mazing Problem\P2-A Mazing Problem.csproj", "{7407A2E9-4F2F-4D68-90B3-3FF58EAE49D9}"
EndProject
Global
	GlobalSection(SolutionConfigurationPlatforms) = preSolution
		Debug|Any CPU = Debug|Any CPU
		Release|Any CPU = Release|Any CPU
	EndGlobalSection
	GlobalSection(ProjectConfigurationPlatforms) = postSolution
		{7407A2E9-4F2F-4D68-90B3-3FF58EAE49D9}.Debug|Any CPU.ActiveCfg = Debug|Any CPU
		{7407A2E9-4F2F-4D68-90B3-3FF58EAE49D9}.Debug|Any CPU.Build.0 = Debug|Any CPU
		{7407A2E9-4F2F-4D68-90B3-3FF58EAE49D9}.Release|Any CPU.ActiveCfg = Release|Any CPU
		{7407A2E9-4F2F-4D68-90B3-3FF58EAE49D9}.Release|Any CPU.Build.0 = Release|Any CPU
	EndGlobalSection
	GlobalSection(SolutionProperties) = preSolution
		HideSolutionNode = FALSE
	EndGlobalSection
	GlobalSection(ExtensibilityGlobals) = postSolution
		SolutionGuid = {C726B010-FFED-4CA0-BAD2-09A0DE4B8787}
	EndGlobalSection
EndGlobal
